
Microsoft Visual Studio Solution File, Format Version 12.00
# Visual Studio Version 16
VisualStudioVersion = 16.0.31624.102
MinimumVisualStudioVersion = 10.0.40219.1
Project("{FAE04EC0-301F-11D3-BF4B-00C04F79EFBC}") = "Slutuppgift Testning", "Slutuppgift Testning.csproj", "{F3DCE107-4BFC-499A-84FF-00E0B71CF206}"
EndProject
Project("{FAE04EC0-301F-11D3-BF4B-00C04F79EFBC}") = "Test", "..\Test\Test.csproj", "{A453146F-FF47-4534-9B8B-2CF4F527FB61}"
EndProject
Global
	GlobalSection(SolutionConfigurationPlatforms) = preSolution
		Debug|Any CPU = Debug|Any CPU
		Release|Any CPU = Release|Any CPU
	EndGlobalSection
	GlobalSection(ProjectConfigurationPlatforms) = postSolution
		{F3DCE107-4BFC-499A-84FF-00E0B71CF206}.Debug|Any CPU.ActiveCfg = Debug|Any CPU
		{F3DCE107-4BFC-499A-84FF-00E0B71CF206}.Debug|Any CPU.Build.0 = Debug|Any CPU
		{F3DCE107-4BFC-499A-84FF-00E0B71CF206}.Release|Any CPU.ActiveCfg = Release|Any CPU
		{F3DCE107-4BFC-499A-84FF-00E0B71CF206}.Release|Any CPU.Build.0 = Release|Any CPU
		{A453146F-FF47-4534-9B8B-2CF4F527FB61}.Debug|Any CPU.ActiveCfg = Debug|Any CPU
		{A453146F-FF47-4534-9B8B-2CF4F527FB61}.Debug|Any CPU.Build.0 = Debug|Any CPU
		{A453146F-FF47-4534-9B8B-2CF4F527FB61}.Release|Any CPU.ActiveCfg = Release|Any CPU
		{A453146F-FF47-4534-9B8B-2CF4F527FB61}.Release|Any CPU.Build.0 = Release|Any CPU
	EndGlobalSection
	GlobalSection(SolutionProperties) = preSolution
		HideSolutionNode = FALSE
	EndGlobalSection
	GlobalSection(ExtensibilityGlobals) = postSolution
		SolutionGuid = {32E991C7-5C9B-47D6-A028-831744DE729C}
	EndGlobalSection
EndGlobal
